
Microsoft Visual Studio Solution File, Format Version 12.00
# Visual Studio Version 17
VisualStudioVersion = 17.8.34302.71
MinimumVisualStudioVersion = 10.0.40219.1
Project("{2150E333-8FDC-42A3-9474-1A3956D46DE8}") = "Services", "Services", "{2C9F970E-F548-4380-B519-DC0D79F8B8E4}"
EndProject
Project("{2150E333-8FDC-42A3-9474-1A3956D46DE8}") = "Catalog", "Catalog", "{3E34C9F0-62A3-4B86-A717-0B9141F0613B}"
EndProject
Project("{9A19103F-16F7-4668-BE54-9A1E7A4F7556}") = "Catalog.API", "Services\Catalog\Catalog.API\Catalog.API.csproj", "{64AFC825-B7F1-4BD8-B49D-60B3D7F8ECFA}"
EndProject
Project("{E53339B2-1760-4266-BCC7-CA923CBCF16C}") = "docker-compose", "docker-compose.dcproj", "{2C17265A-3B11-43AA-802A-AE26A46A86DC}"
EndProject
Project("{2150E333-8FDC-42A3-9474-1A3956D46DE8}") = "Basket", "Basket", "{67CFC5AA-3B74-487D-84E0-FE22F90CD11B}"
EndProject
Project("{9A19103F-16F7-4668-BE54-9A1E7A4F7556}") = "Basket.API", "Services\Basket\Basket.API\Basket.API.csproj", "{6392D43B-1DD5-4CB8-A6B0-1BA4AC8DA863}"
EndProject
Project("{2150E333-8FDC-42A3-9474-1A3956D46DE8}") = "Discount", "Discount", "{0F3482F0-9D8D-4B68-9137-16648CBF3429}"
EndProject
Project("{9A19103F-16F7-4668-BE54-9A1E7A4F7556}") = "Discount.API", "Services\Discount\Discount.API\Discount.API.csproj", "{B40FD020-7936-49C3-B39C-D87BD58DC335}"
EndProject
Project("{9A19103F-16F7-4668-BE54-9A1E7A4F7556}") = "Discount.Grpc", "Services\Discount\Discount.Grpc\Discount.Grpc.csproj", "{DE9A2FA9-87F1-47AA-8328-015BB0AF684A}"
EndProject
Project("{2150E333-8FDC-42A3-9474-1A3956D46DE8}") = "Ordering", "Ordering", "{BB4F6896-758F-4553-95F3-E70DCE04FF44}"
EndProject
Project("{9A19103F-16F7-4668-BE54-9A1E7A4F7556}") = "Ordering.API", "Services\Ordering\Ordering.API\Ordering.API.csproj", "{C8BC5669-E660-4484-AAF2-A3291FE3EE33}"
EndProject
Project("{9A19103F-16F7-4668-BE54-9A1E7A4F7556}") = "Ordering.Application", "Services\Ordering\Ordering.Application\Ordering.Application.csproj", "{93FD1A9E-A04E-461D-9AC0-F31623E35ECA}"
EndProject
Project("{9A19103F-16F7-4668-BE54-9A1E7A4F7556}") = "Ordering.Domain", "Services\Ordering\Ordering.Domain\Ordering.Domain.csproj", "{F589F62F-1A46-4FDC-9A2C-A70009531EDB}"
EndProject
Project("{9A19103F-16F7-4668-BE54-9A1E7A4F7556}") = "Ordering.Infrastructure", "Services\Ordering\Ordering.Infrastructure\Ordering.Infrastructure.csproj", "{614D849A-2E1F-4B0B-86AE-2708D9114D5E}"
EndProject
Project("{2150E333-8FDC-42A3-9474-1A3956D46DE8}") = "BuildingBloacks", "BuildingBloacks", "{787FAE54-B9BD-4C50-867C-E023A95A7135}"
EndProject
Project("{FAE04EC0-301F-11D3-BF4B-00C04F79EFBC}") = "EventBus.Messages", "BuildingBloacks\EventBus.Message\EventBus.Messages.csproj", "{4C31F8E1-349E-4759-BDB5-0F438977D7F9}"
EndProject
Global
	GlobalSection(SolutionConfigurationPlatforms) = preSolution
		Debug|Any CPU = Debug|Any CPU
		Release|Any CPU = Release|Any CPU
	EndGlobalSection
	GlobalSection(ProjectConfigurationPlatforms) = postSolution
		{64AFC825-B7F1-4BD8-B49D-60B3D7F8ECFA}.Debug|Any CPU.ActiveCfg = Debug|Any CPU
		{64AFC825-B7F1-4BD8-B49D-60B3D7F8ECFA}.Debug|Any CPU.Build.0 = Debug|Any CPU
		{64AFC825-B7F1-4BD8-B49D-60B3D7F8ECFA}.Release|Any CPU.ActiveCfg = Release|Any CPU
		{64AFC825-B7F1-4BD8-B49D-60B3D7F8ECFA}.Release|Any CPU.Build.0 = Release|Any CPU
		{2C17265A-3B11-43AA-802A-AE26A46A86DC}.Debug|Any CPU.ActiveCfg = Debug|Any CPU
		{2C17265A-3B11-43AA-802A-AE26A46A86DC}.Debug|Any CPU.Build.0 = Debug|Any CPU
		{2C17265A-3B11-43AA-802A-AE26A46A86DC}.Release|Any CPU.ActiveCfg = Release|Any CPU
		{2C17265A-3B11-43AA-802A-AE26A46A86DC}.Release|Any CPU.Build.0 = Release|Any CPU
		{6392D43B-1DD5-4CB8-A6B0-1BA4AC8DA863}.Debug|Any CPU.ActiveCfg = Debug|Any CPU
		{6392D43B-1DD5-4CB8-A6B0-1BA4AC8DA863}.Debug|Any CPU.Build.0 = Debug|Any CPU
		{6392D43B-1DD5-4CB8-A6B0-1BA4AC8DA863}.Release|Any CPU.ActiveCfg = Release|Any CPU
		{6392D43B-1DD5-4CB8-A6B0-1BA4AC8DA863}.Release|Any CPU.Build.0 = Release|Any CPU
		{B40FD020-7936-49C3-B39C-D87BD58DC335}.Debug|Any CPU.ActiveCfg = Debug|Any CPU
		{B40FD020-7936-49C3-B39C-D87BD58DC335}.Debug|Any CPU.Build.0 = Debug|Any CPU
		{B40FD020-7936-49C3-B39C-D87BD58DC335}.Release|Any CPU.ActiveCfg = Release|Any CPU
		{B40FD020-7936-49C3-B39C-D87BD58DC335}.Release|Any CPU.Build.0 = Release|Any CPU
		{DE9A2FA9-87F1-47AA-8328-015BB0AF684A}.Debug|Any CPU.ActiveCfg = Debug|Any CPU
		{DE9A2FA9-87F1-47AA-8328-015BB0AF684A}.Debug|Any CPU.Build.0 = Debug|Any CPU
		{DE9A2FA9-87F1-47AA-8328-015BB0AF684A}.Release|Any CPU.ActiveCfg = Release|Any CPU
		{DE9A2FA9-87F1-47AA-8328-015BB0AF684A}.Release|Any CPU.Build.0 = Release|Any CPU
		{C8BC5669-E660-4484-AAF2-A3291FE3EE33}.Debug|Any CPU.ActiveCfg = Debug|Any CPU
		{C8BC5669-E660-4484-AAF2-A3291FE3EE33}.Debug|Any CPU.Build.0 = Debug|Any CPU
		{C8BC5669-E660-4484-AAF2-A3291FE3EE33}.Release|Any CPU.ActiveCfg = Release|Any CPU
		{C8BC5669-E660-4484-AAF2-A3291FE3EE33}.Release|Any CPU.Build.0 = Release|Any CPU
		{93FD1A9E-A04E-461D-9AC0-F31623E35ECA}.Debug|Any CPU.ActiveCfg = Debug|Any CPU
		{93FD1A9E-A04E-461D-9AC0-F31623E35ECA}.Debug|Any CPU.Build.0 = Debug|Any CPU
		{93FD1A9E-A04E-461D-9AC0-F31623E35ECA}.Release|Any CPU.ActiveCfg = Release|Any CPU
		{93FD1A9E-A04E-461D-9AC0-F31623E35ECA}.Release|Any CPU.Build.0 = Release|Any CPU
		{F589F62F-1A46-4FDC-9A2C-A70009531EDB}.Debug|Any CPU.ActiveCfg = Debug|Any CPU
		{F589F62F-1A46-4FDC-9A2C-A70009531EDB}.Debug|Any CPU.Build.0 = Debug|Any CPU
		{F589F62F-1A46-4FDC-9A2C-A70009531EDB}.Release|Any CPU.ActiveCfg = Release|Any CPU
		{F589F62F-1A46-4FDC-9A2C-A70009531EDB}.Release|Any CPU.Build.0 = Release|Any CPU
		{614D849A-2E1F-4B0B-86AE-2708D9114D5E}.Debug|Any CPU.ActiveCfg = Debug|Any CPU
		{614D849A-2E1F-4B0B-86AE-2708D9114D5E}.Debug|Any CPU.Build.0 = Debug|Any CPU
		{614D849A-2E1F-4B0B-86AE-2708D9114D5E}.Release|Any CPU.ActiveCfg = Release|Any CPU
		{614D849A-2E1F-4B0B-86AE-2708D9114D5E}.Release|Any CPU.Build.0 = Release|Any CPU
		{4C31F8E1-349E-4759-BDB5-0F438977D7F9}.Debug|Any CPU.ActiveCfg = Debug|Any CPU
		{4C31F8E1-349E-4759-BDB5-0F438977D7F9}.Debug|Any CPU.Build.0 = Debug|Any CPU
		{4C31F8E1-349E-4759-BDB5-0F438977D7F9}.Release|Any CPU.ActiveCfg = Release|Any CPU
		{4C31F8E1-349E-4759-BDB5-0F438977D7F9}.Release|Any CPU.Build.0 = Release|Any CPU
	EndGlobalSection
	GlobalSection(SolutionProperties) = preSolution
		HideSolutionNode = FALSE
	EndGlobalSection
	GlobalSection(NestedProjects) = preSolution
		{3E34C9F0-62A3-4B86-A717-0B9141F0613B} = {2C9F970E-F548-4380-B519-DC0D79F8B8E4}
		{64AFC825-B7F1-4BD8-B49D-60B3D7F8ECFA} = {3E34C9F0-62A3-4B86-A717-0B9141F0613B}
		{67CFC5AA-3B74-487D-84E0-FE22F90CD11B} = {2C9F970E-F548-4380-B519-DC0D79F8B8E4}
		{6392D43B-1DD5-4CB8-A6B0-1BA4AC8DA863} = {67CFC5AA-3B74-487D-84E0-FE22F90CD11B}
		{0F3482F0-9D8D-4B68-9137-16648CBF3429} = {2C9F970E-F548-4380-B519-DC0D79F8B8E4}
		{B40FD020-7936-49C3-B39C-D87BD58DC335} = {0F3482F0-9D8D-4B68-9137-16648CBF3429}
		{DE9A2FA9-87F1-47AA-8328-015BB0AF684A} = {0F3482F0-9D8D-4B68-9137-16648CBF3429}
		{BB4F6896-758F-4553-95F3-E70DCE04FF44} = {2C9F970E-F548-4380-B519-DC0D79F8B8E4}
		{C8BC5669-E660-4484-AAF2-A3291FE3EE33} = {BB4F6896-758F-4553-95F3-E70DCE04FF44}
		{93FD1A9E-A04E-461D-9AC0-F31623E35ECA} = {BB4F6896-758F-4553-95F3-E70DCE04FF44}
		{F589F62F-1A46-4FDC-9A2C-A70009531EDB} = {BB4F6896-758F-4553-95F3-E70DCE04FF44}
		{614D849A-2E1F-4B0B-86AE-2708D9114D5E} = {BB4F6896-758F-4553-95F3-E70DCE04FF44}
		{4C31F8E1-349E-4759-BDB5-0F438977D7F9} = {787FAE54-B9BD-4C50-867C-E023A95A7135}
	EndGlobalSection
	GlobalSection(ExtensibilityGlobals) = postSolution
		SolutionGuid = {5819C9CB-FA9E-43FA-8818-11B829C3CCB4}
	EndGlobalSection
EndGlobal
