
Microsoft Visual Studio Solution File, Format Version 12.00
# Visual Studio Version 17
VisualStudioVersion = 17.8.34302.71
MinimumVisualStudioVersion = 10.0.40219.1
Project("{2150E333-8FDC-42A3-9474-1A3956D46DE8}") = "Services", "Services", "{2C9F970E-F548-4380-B519-DC0D79F8B8E4}"
EndProject
Project("{2150E333-8FDC-42A3-9474-1A3956D46DE8}") = "Catalog", "Catalog", "{3E34C9F0-62A3-4B86-A717-0B9141F0613B}"
EndProject
Project("{9A19103F-16F7-4668-BE54-9A1E7A4F7556}") = "Catalog.API", "Services\Catalog\Catalog.API\Catalog.API.csproj", "{64AFC825-B7F1-4BD8-B49D-60B3D7F8ECFA}"
EndProject
Project("{E53339B2-1760-4266-BCC7-CA923CBCF16C}") = "docker-compose", "docker-compose.dcproj", "{2C17265A-3B11-43AA-802A-AE26A46A86DC}"
EndProject
Project("{2150E333-8FDC-42A3-9474-1A3956D46DE8}") = "Basket", "Basket", "{67CFC5AA-3B74-487D-84E0-FE22F90CD11B}"
EndProject
Project("{FAE04EC0-301F-11D3-BF4B-00C04F79EFBC}") = "Basket.API", "Services\Basket\Basket.API\Basket.API.csproj", "{6392D43B-1DD5-4CB8-A6B0-1BA4AC8DA863}"
EndProject
Project("{2150E333-8FDC-42A3-9474-1A3956D46DE8}") = "Discount", "Discount", "{0F3482F0-9D8D-4B68-9137-16648CBF3429}"
EndProject
Project("{FAE04EC0-301F-11D3-BF4B-00C04F79EFBC}") = "Discount.API", "Services\Discount\Discount.API\Discount.API.csproj", "{B40FD020-7936-49C3-B39C-D87BD58DC335}"
EndProject
Project("{FAE04EC0-301F-11D3-BF4B-00C04F79EFBC}") = "Discount.Grpc", "Services\Discount\Discount.Grpc\Discount.Grpc.csproj", "{DE9A2FA9-87F1-47AA-8328-015BB0AF684A}"
EndProject
Project("{2150E333-8FDC-42A3-9474-1A3956D46DE8}") = "Ordering", "Ordering", "{31621C99-80EF-4A8C-BC06-D1E237873A22}"
EndProject
Project("{FAE04EC0-301F-11D3-BF4B-00C04F79EFBC}") = "Ordering.API", "Services\Ordering\Ordering.API\Ordering.API.csproj", "{1A98B67A-9835-4FE8-8D37-87443F67BCB5}"
EndProject
Project("{FAE04EC0-301F-11D3-BF4B-00C04F79EFBC}") = "Ordering.Domain", "Services\Ordering\Ordering.Domain\Ordering.Domain.csproj", "{6573BCF7-37A3-4980-A470-F08EB9FE85EF}"
EndProject
Project("{FAE04EC0-301F-11D3-BF4B-00C04F79EFBC}") = "Ordering.Application", "Services\Ordering\Ordering.Application\Ordering.Application.csproj", "{78F501C5-7668-4E83-B3B6-C237835A2D66}"
EndProject
Project("{FAE04EC0-301F-11D3-BF4B-00C04F79EFBC}") = "Ordering.Infrastructure", "Services\Ordering\Ordering.Infrastructure\Ordering.Infrastructure.csproj", "{FD82CD55-3E1A-4F27-8A79-D4C18127C7DE}"
EndProject
Global
	GlobalSection(SolutionConfigurationPlatforms) = preSolution
		Debug|Any CPU = Debug|Any CPU
		Release|Any CPU = Release|Any CPU
	EndGlobalSection
	GlobalSection(ProjectConfigurationPlatforms) = postSolution
		{64AFC825-B7F1-4BD8-B49D-60B3D7F8ECFA}.Debug|Any CPU.ActiveCfg = Debug|Any CPU
		{64AFC825-B7F1-4BD8-B49D-60B3D7F8ECFA}.Debug|Any CPU.Build.0 = Debug|Any CPU
		{64AFC825-B7F1-4BD8-B49D-60B3D7F8ECFA}.Release|Any CPU.ActiveCfg = Release|Any CPU
		{64AFC825-B7F1-4BD8-B49D-60B3D7F8ECFA}.Release|Any CPU.Build.0 = Release|Any CPU
		{2C17265A-3B11-43AA-802A-AE26A46A86DC}.Debug|Any CPU.ActiveCfg = Debug|Any CPU
		{2C17265A-3B11-43AA-802A-AE26A46A86DC}.Debug|Any CPU.Build.0 = Debug|Any CPU
		{2C17265A-3B11-43AA-802A-AE26A46A86DC}.Release|Any CPU.ActiveCfg = Release|Any CPU
		{2C17265A-3B11-43AA-802A-AE26A46A86DC}.Release|Any CPU.Build.0 = Release|Any CPU
		{6392D43B-1DD5-4CB8-A6B0-1BA4AC8DA863}.Debug|Any CPU.ActiveCfg = Debug|Any CPU
		{6392D43B-1DD5-4CB8-A6B0-1BA4AC8DA863}.Debug|Any CPU.Build.0 = Debug|Any CPU
		{6392D43B-1DD5-4CB8-A6B0-1BA4AC8DA863}.Release|Any CPU.ActiveCfg = Release|Any CPU
		{6392D43B-1DD5-4CB8-A6B0-1BA4AC8DA863}.Release|Any CPU.Build.0 = Release|Any CPU
		{B40FD020-7936-49C3-B39C-D87BD58DC335}.Debug|Any CPU.ActiveCfg = Debug|Any CPU
		{B40FD020-7936-49C3-B39C-D87BD58DC335}.Debug|Any CPU.Build.0 = Debug|Any CPU
		{B40FD020-7936-49C3-B39C-D87BD58DC335}.Release|Any CPU.ActiveCfg = Release|Any CPU
		{B40FD020-7936-49C3-B39C-D87BD58DC335}.Release|Any CPU.Build.0 = Release|Any CPU
		{DE9A2FA9-87F1-47AA-8328-015BB0AF684A}.Debug|Any CPU.ActiveCfg = Debug|Any CPU
		{DE9A2FA9-87F1-47AA-8328-015BB0AF684A}.Debug|Any CPU.Build.0 = Debug|Any CPU
		{DE9A2FA9-87F1-47AA-8328-015BB0AF684A}.Release|Any CPU.ActiveCfg = Release|Any CPU
		{DE9A2FA9-87F1-47AA-8328-015BB0AF684A}.Release|Any CPU.Build.0 = Release|Any CPU
		{1A98B67A-9835-4FE8-8D37-87443F67BCB5}.Debug|Any CPU.ActiveCfg = Debug|Any CPU
		{1A98B67A-9835-4FE8-8D37-87443F67BCB5}.Debug|Any CPU.Build.0 = Debug|Any CPU
		{1A98B67A-9835-4FE8-8D37-87443F67BCB5}.Release|Any CPU.ActiveCfg = Release|Any CPU
		{1A98B67A-9835-4FE8-8D37-87443F67BCB5}.Release|Any CPU.Build.0 = Release|Any CPU
		{6573BCF7-37A3-4980-A470-F08EB9FE85EF}.Debug|Any CPU.ActiveCfg = Debug|Any CPU
		{6573BCF7-37A3-4980-A470-F08EB9FE85EF}.Debug|Any CPU.Build.0 = Debug|Any CPU
		{6573BCF7-37A3-4980-A470-F08EB9FE85EF}.Release|Any CPU.ActiveCfg = Release|Any CPU
		{6573BCF7-37A3-4980-A470-F08EB9FE85EF}.Release|Any CPU.Build.0 = Release|Any CPU
		{78F501C5-7668-4E83-B3B6-C237835A2D66}.Debug|Any CPU.ActiveCfg = Debug|Any CPU
		{78F501C5-7668-4E83-B3B6-C237835A2D66}.Debug|Any CPU.Build.0 = Debug|Any CPU
		{78F501C5-7668-4E83-B3B6-C237835A2D66}.Release|Any CPU.ActiveCfg = Release|Any CPU
		{78F501C5-7668-4E83-B3B6-C237835A2D66}.Release|Any CPU.Build.0 = Release|Any CPU
		{FD82CD55-3E1A-4F27-8A79-D4C18127C7DE}.Debug|Any CPU.ActiveCfg = Debug|Any CPU
		{FD82CD55-3E1A-4F27-8A79-D4C18127C7DE}.Debug|Any CPU.Build.0 = Debug|Any CPU
		{FD82CD55-3E1A-4F27-8A79-D4C18127C7DE}.Release|Any CPU.ActiveCfg = Release|Any CPU
		{FD82CD55-3E1A-4F27-8A79-D4C18127C7DE}.Release|Any CPU.Build.0 = Release|Any CPU
	EndGlobalSection
	GlobalSection(SolutionProperties) = preSolution
		HideSolutionNode = FALSE
	EndGlobalSection
	GlobalSection(NestedProjects) = preSolution
		{3E34C9F0-62A3-4B86-A717-0B9141F0613B} = {2C9F970E-F548-4380-B519-DC0D79F8B8E4}
		{64AFC825-B7F1-4BD8-B49D-60B3D7F8ECFA} = {3E34C9F0-62A3-4B86-A717-0B9141F0613B}
		{67CFC5AA-3B74-487D-84E0-FE22F90CD11B} = {2C9F970E-F548-4380-B519-DC0D79F8B8E4}
		{6392D43B-1DD5-4CB8-A6B0-1BA4AC8DA863} = {67CFC5AA-3B74-487D-84E0-FE22F90CD11B}
		{0F3482F0-9D8D-4B68-9137-16648CBF3429} = {2C9F970E-F548-4380-B519-DC0D79F8B8E4}
		{B40FD020-7936-49C3-B39C-D87BD58DC335} = {0F3482F0-9D8D-4B68-9137-16648CBF3429}
		{DE9A2FA9-87F1-47AA-8328-015BB0AF684A} = {0F3482F0-9D8D-4B68-9137-16648CBF3429}
		{31621C99-80EF-4A8C-BC06-D1E237873A22} = {2C9F970E-F548-4380-B519-DC0D79F8B8E4}
		{1A98B67A-9835-4FE8-8D37-87443F67BCB5} = {31621C99-80EF-4A8C-BC06-D1E237873A22}
		{6573BCF7-37A3-4980-A470-F08EB9FE85EF} = {31621C99-80EF-4A8C-BC06-D1E237873A22}
		{78F501C5-7668-4E83-B3B6-C237835A2D66} = {31621C99-80EF-4A8C-BC06-D1E237873A22}
		{FD82CD55-3E1A-4F27-8A79-D4C18127C7DE} = {31621C99-80EF-4A8C-BC06-D1E237873A22}
	EndGlobalSection
	GlobalSection(ExtensibilityGlobals) = postSolution
		SolutionGuid = {5819C9CB-FA9E-43FA-8818-11B829C3CCB4}
	EndGlobalSection
EndGlobal
